
Microsoft Visual Studio Solution File, Format Version 12.00
# Visual Studio Version 17
VisualStudioVersion = 17.14.36705.20
MinimumVisualStudioVersion = 10.0.40219.1
Project("{FAE04EC0-301F-11D3-BF4B-00C04F79EFBC}") = "ADO", "ADO\ADO.csproj", "{F906FB18-7675-4D7B-839D-633D8408F769}"
EndProject
Project("{FAE04EC0-301F-11D3-BF4B-00C04F79EFBC}") = "DBTools", "DBTools\DBTools.csproj", "{77CE0358-2D2C-461E-B14E-C4E57038CF2C}"
EndProject
Project("{FAE04EC0-301F-11D3-BF4B-00C04F79EFBC}") = "DLLcheck", "DLLcheck\DLLcheck.csproj", "{CA50A40F-9C4F-4558-89C0-151A5FA783F0}"
	ProjectSection(ProjectDependencies) = postProject
		{F906FB18-7675-4D7B-839D-633D8408F769} = {F906FB18-7675-4D7B-839D-633D8408F769}
	EndProjectSection
EndProject
Project("{FAE04EC0-301F-11D3-BF4B-00C04F79EFBC}") = "Acedemy", "Acedemy\Acedemy.csproj", "{45D61E5F-76A9-418D-8D3C-132C165223B4}"
	ProjectSection(ProjectDependencies) = postProject
		{77CE0358-2D2C-461E-B14E-C4E57038CF2C} = {77CE0358-2D2C-461E-B14E-C4E57038CF2C}
	EndProjectSection
EndProject
Project("{FAE04EC0-301F-11D3-BF4B-00C04F79EFBC}") = "AcademyWPF", "AcedemyWPF\AcademyWPF.csproj", "{DE1F465B-2BA0-49D3-A1C7-3C398CB5D6B1}"
EndProject
Global
	GlobalSection(SolutionConfigurationPlatforms) = preSolution
		Debug|Any CPU = Debug|Any CPU
		Release|Any CPU = Release|Any CPU
	EndGlobalSection
	GlobalSection(ProjectConfigurationPlatforms) = postSolution
		{F906FB18-7675-4D7B-839D-633D8408F769}.Debug|Any CPU.ActiveCfg = Debug|Any CPU
		{F906FB18-7675-4D7B-839D-633D8408F769}.Debug|Any CPU.Build.0 = Debug|Any CPU
		{F906FB18-7675-4D7B-839D-633D8408F769}.Release|Any CPU.ActiveCfg = Release|Any CPU
		{F906FB18-7675-4D7B-839D-633D8408F769}.Release|Any CPU.Build.0 = Release|Any CPU
		{77CE0358-2D2C-461E-B14E-C4E57038CF2C}.Debug|Any CPU.ActiveCfg = Debug|Any CPU
		{77CE0358-2D2C-461E-B14E-C4E57038CF2C}.Debug|Any CPU.Build.0 = Debug|Any CPU
		{77CE0358-2D2C-461E-B14E-C4E57038CF2C}.Release|Any CPU.ActiveCfg = Release|Any CPU
		{77CE0358-2D2C-461E-B14E-C4E57038CF2C}.Release|Any CPU.Build.0 = Release|Any CPU
		{CA50A40F-9C4F-4558-89C0-151A5FA783F0}.Debug|Any CPU.ActiveCfg = Debug|Any CPU
		{CA50A40F-9C4F-4558-89C0-151A5FA783F0}.Debug|Any CPU.Build.0 = Debug|Any CPU
		{CA50A40F-9C4F-4558-89C0-151A5FA783F0}.Release|Any CPU.ActiveCfg = Release|Any CPU
		{CA50A40F-9C4F-4558-89C0-151A5FA783F0}.Release|Any CPU.Build.0 = Release|Any CPU
		{45D61E5F-76A9-418D-8D3C-132C165223B4}.Debug|Any CPU.ActiveCfg = Debug|Any CPU
		{45D61E5F-76A9-418D-8D3C-132C165223B4}.Debug|Any CPU.Build.0 = Debug|Any CPU
		{45D61E5F-76A9-418D-8D3C-132C165223B4}.Release|Any CPU.ActiveCfg = Release|Any CPU
		{45D61E5F-76A9-418D-8D3C-132C165223B4}.Release|Any CPU.Build.0 = Release|Any CPU
		{DE1F465B-2BA0-49D3-A1C7-3C398CB5D6B1}.Debug|Any CPU.ActiveCfg = Debug|Any CPU
		{DE1F465B-2BA0-49D3-A1C7-3C398CB5D6B1}.Debug|Any CPU.Build.0 = Debug|Any CPU
		{DE1F465B-2BA0-49D3-A1C7-3C398CB5D6B1}.Release|Any CPU.ActiveCfg = Release|Any CPU
		{DE1F465B-2BA0-49D3-A1C7-3C398CB5D6B1}.Release|Any CPU.Build.0 = Release|Any CPU
	EndGlobalSection
	GlobalSection(SolutionProperties) = preSolution
		HideSolutionNode = FALSE
	EndGlobalSection
	GlobalSection(ExtensibilityGlobals) = postSolution
		SolutionGuid = {530DB0E8-8295-4071-BC51-291B729C64E5}
	EndGlobalSection
EndGlobal
